{
  "version": 4,
  "terraform_version": "1.8.1",
  "serial": 3,
  "lineage": "090ba5ca-f253-574b-d723-34874ad531b6",
  "outputs": {
    "data_factory_id": {
      "value": "/subscriptions/d497e8dd-3874-4baa-97d8-87abdbbb7f92/resourceGroups/SYNNET/providers/Microsoft.DataFactory/factories/FASCON-stage-test-df",
      "type": "string"
    }
  },
  "resources": [
    {
      "mode": "data",
      "type": "azurerm_resource_group",
      "name": "rg",
      "provider": "provider[\"registry.terraform.io/hashicorp/azurerm\"]",
      "instances": [
        {
          "schema_version": 0,
          "attributes": {
            "id": "/subscriptions/d497e8dd-3874-4baa-97d8-87abdbbb7f92/resourceGroups/SYNNET",
            "location": "northeurope",
            "managed_by": "",
            "name": "SYNNET",
            "tags": {},
            "timeouts": null
          },
          "sensitive_attributes": []
        }
      ]
    },
    {
      "mode": "managed",
      "type": "azurerm_data_factory",
      "name": "data_factory",
      "provider": "provider[\"registry.terraform.io/hashicorp/azurerm\"]",
      "instances": [
        {
          "schema_version": 2,
          "attributes": {
            "customer_managed_key_id": "",
            "customer_managed_key_identity_id": "",
            "github_configuration": [],
            "global_parameter": [],
            "id": "/subscriptions/d497e8dd-3874-4baa-97d8-87abdbbb7f92/resourceGroups/SYNNET/providers/Microsoft.DataFactory/factories/FASCON-stage-test-df",
            "identity": [],
            "location": "northeurope",
            "managed_virtual_network_enabled": false,
            "name": "FASCON-stage-test-df",
            "public_network_enabled": true,
            "purview_id": "",
            "resource_group_name": "SYNNET",
            "tags": {
              "environment": "stage",
              "owners": "FASCON"
            },
            "timeouts": null,
            "vsts_configuration": []
          },
          "sensitive_attributes": [],
          "private": "eyJlMmJmYjczMC1lY2FhLTExZTYtOGY4OC0zNDM2M2JjN2M0YzAiOnsiY3JlYXRlIjoxODAwMDAwMDAwMDAwLCJkZWxldGUiOjE4MDAwMDAwMDAwMDAsInJlYWQiOjMwMDAwMDAwMDAwMCwidXBkYXRlIjoxODAwMDAwMDAwMDAwfSwic2NoZW1hX3ZlcnNpb24iOiIyIn0=",
          "dependencies": [
            "data.azurerm_resource_group.rg"
          ]
        }
      ]
    }
  ],
  "check_results": null
}
