{
  "version": 4,
  "terraform_version": "1.8.4",
  "serial": 11,
  "lineage": "e8c10117-a22e-e798-048e-8bff7e9b6fcb",
  "outputs": {
    "data_factory_id": {
      "value": "/subscriptions/d497e8dd-3874-4baa-97d8-87abdbbb7f92/resourceGroups/SYNNET/providers/Microsoft.DataFactory/factories/fascon-dev-demo-df",
      "type": "string"
    },
    "storage_account_id": {
      "value": "/subscriptions/d497e8dd-3874-4baa-97d8-87abdbbb7f92/resourceGroups/SYNNET/providers/Microsoft.Storage/storageAccounts/fascondevdemodl",
      "type": "string"
    }
  },
  "resources": [
    {
      "mode": "data",
      "type": "azurerm_client_config",
      "name": "current",
      "provider": "provider[\"registry.terraform.io/hashicorp/azurerm\"]",
      "instances": [
        {
          "schema_version": 0,
          "attributes": {
            "client_id": "04b07795-8ddb-461a-bbee-02f9e1bf7b46",
            "id": "Y2xpZW50Q29uZmlncy9jbGllbnRJZD0wNGIwNzc5NS04ZGRiLTQ2MWEtYmJlZS0wMmY5ZTFiZjdiNDY7b2JqZWN0SWQ9Njg4NThhMWUtMDJkYS00OGVjLWIxODYtNTAxZDI0ZGVmMWU2O3N1YnNjcmlwdGlvbklkPWQ0OTdlOGRkLTM4NzQtNGJhYS05N2Q4LTg3YWJkYmJiN2Y5Mjt0ZW5hbnRJZD0yN2U4MzVlZC1lZDA5LTRkMDQtYWE4MS00NDhlNmMwYTdkZGI=",
            "object_id": "68858a1e-02da-48ec-b186-501d24def1e6",
            "subscription_id": "d497e8dd-3874-4baa-97d8-87abdbbb7f92",
            "tenant_id": "27e835ed-ed09-4d04-aa81-448e6c0a7ddb",
            "timeouts": null
          },
          "sensitive_attributes": []
        }
      ]
    },
    {
      "mode": "data",
      "type": "azurerm_resource_group",
      "name": "rg",
      "provider": "provider[\"registry.terraform.io/hashicorp/azurerm\"]",
      "instances": [
        {
          "schema_version": 0,
          "attributes": {
            "id": "/subscriptions/d497e8dd-3874-4baa-97d8-87abdbbb7f92/resourceGroups/SYNNET",
            "location": "northeurope",
            "managed_by": "",
            "name": "SYNNET",
            "tags": {},
            "timeouts": null
          },
          "sensitive_attributes": []
        }
      ]
    },
    {
      "mode": "managed",
      "type": "azurerm_data_factory",
      "name": "data_factory",
      "provider": "provider[\"registry.terraform.io/hashicorp/azurerm\"]",
      "instances": [
        {
          "schema_version": 2,
          "attributes": {
            "customer_managed_key_id": "",
            "customer_managed_key_identity_id": "",
            "github_configuration": [],
            "global_parameter": [],
            "id": "/subscriptions/d497e8dd-3874-4baa-97d8-87abdbbb7f92/resourceGroups/SYNNET/providers/Microsoft.DataFactory/factories/fascon-dev-demo-df",
            "identity": [],
            "location": "northeurope",
            "managed_virtual_network_enabled": false,
            "name": "fascon-dev-demo-df",
            "public_network_enabled": true,
            "purview_id": "",
            "resource_group_name": "SYNNET",
            "tags": {
              "environment": "dev",
              "owners": "fascon"
            },
            "timeouts": null,
            "vsts_configuration": []
          },
          "sensitive_attributes": [],
          "private": "eyJlMmJmYjczMC1lY2FhLTExZTYtOGY4OC0zNDM2M2JjN2M0YzAiOnsiY3JlYXRlIjoxODAwMDAwMDAwMDAwLCJkZWxldGUiOjE4MDAwMDAwMDAwMDAsInJlYWQiOjMwMDAwMDAwMDAwMCwidXBkYXRlIjoxODAwMDAwMDAwMDAwfSwic2NoZW1hX3ZlcnNpb24iOiIyIn0=",
          "dependencies": [
            "data.azurerm_resource_group.rg"
          ]
        }
      ]
    },
    {
      "mode": "managed",
      "type": "azurerm_storage_account",
      "name": "data_lake_storage_account",
      "provider": "provider[\"registry.terraform.io/hashicorp/azurerm\"]",
      "instances": [
        {
          "schema_version": 4,
          "attributes": {
            "access_tier": "Hot",
            "account_kind": "StorageV2",
            "account_replication_type": "LRS",
            "account_tier": "Standard",
            "allow_nested_items_to_be_public": true,
            "allowed_copy_scope": "",
            "azure_files_authentication": [],
            "blob_properties": [
              {
                "change_feed_enabled": false,
                "change_feed_retention_in_days": 0,
                "container_delete_retention_policy": [],
                "cors_rule": [],
                "default_service_version": "",
                "delete_retention_policy": [],
                "last_access_time_enabled": false,
                "restore_policy": [],
                "versioning_enabled": false
              }
            ],
            "cross_tenant_replication_enabled": true,
            "custom_domain": [],
            "customer_managed_key": [],
            "default_to_oauth_authentication": false,
            "dns_endpoint_type": "Standard",
            "edge_zone": "",
            "enable_https_traffic_only": true,
            "id": "/subscriptions/d497e8dd-3874-4baa-97d8-87abdbbb7f92/resourceGroups/SYNNET/providers/Microsoft.Storage/storageAccounts/fascondevdemodl",
            "identity": [],
            "immutability_policy": [],
            "infrastructure_encryption_enabled": false,
            "is_hns_enabled": true,
            "large_file_share_enabled": null,
            "local_user_enabled": true,
            "location": "northeurope",
            "min_tls_version": "TLS1_2",
            "name": "fascondevdemodl",
            "network_rules": [
              {
                "bypass": [
                  "AzureServices"
                ],
                "default_action": "Allow",
                "ip_rules": [],
                "private_link_access": [],
                "virtual_network_subnet_ids": []
              }
            ],
            "nfsv3_enabled": false,
            "primary_access_key": "R0GwmWS4CfgrH/enlowVxIGsiCujul27FbnxNJHBx5W6NP6KnR9st/aZdPZIEyt1Ha3eNaMAUJsG+AStI6RsVQ==",
            "primary_blob_connection_string": "DefaultEndpointsProtocol=https;BlobEndpoint=https://fascondevdemodl.blob.core.windows.net/;AccountName=fascondevdemodl;AccountKey=R0GwmWS4CfgrH/enlowVxIGsiCujul27FbnxNJHBx5W6NP6KnR9st/aZdPZIEyt1Ha3eNaMAUJsG+AStI6RsVQ==",
            "primary_blob_endpoint": "https://fascondevdemodl.blob.core.windows.net/",
            "primary_blob_host": "fascondevdemodl.blob.core.windows.net",
            "primary_blob_internet_endpoint": "",
            "primary_blob_internet_host": "",
            "primary_blob_microsoft_endpoint": "",
            "primary_blob_microsoft_host": "",
            "primary_connection_string": "DefaultEndpointsProtocol=https;AccountName=fascondevdemodl;AccountKey=R0GwmWS4CfgrH/enlowVxIGsiCujul27FbnxNJHBx5W6NP6KnR9st/aZdPZIEyt1Ha3eNaMAUJsG+AStI6RsVQ==;EndpointSuffix=core.windows.net",
            "primary_dfs_endpoint": "https://fascondevdemodl.dfs.core.windows.net/",
            "primary_dfs_host": "fascondevdemodl.dfs.core.windows.net",
            "primary_dfs_internet_endpoint": "",
            "primary_dfs_internet_host": "",
            "primary_dfs_microsoft_endpoint": "",
            "primary_dfs_microsoft_host": "",
            "primary_file_endpoint": "https://fascondevdemodl.file.core.windows.net/",
            "primary_file_host": "fascondevdemodl.file.core.windows.net",
            "primary_file_internet_endpoint": "",
            "primary_file_internet_host": "",
            "primary_file_microsoft_endpoint": "",
            "primary_file_microsoft_host": "",
            "primary_location": "northeurope",
            "primary_queue_endpoint": "https://fascondevdemodl.queue.core.windows.net/",
            "primary_queue_host": "fascondevdemodl.queue.core.windows.net",
            "primary_queue_microsoft_endpoint": "",
            "primary_queue_microsoft_host": "",
            "primary_table_endpoint": "https://fascondevdemodl.table.core.windows.net/",
            "primary_table_host": "fascondevdemodl.table.core.windows.net",
            "primary_table_microsoft_endpoint": "",
            "primary_table_microsoft_host": "",
            "primary_web_endpoint": "https://fascondevdemodl.z16.web.core.windows.net/",
            "primary_web_host": "fascondevdemodl.z16.web.core.windows.net",
            "primary_web_internet_endpoint": "",
            "primary_web_internet_host": "",
            "primary_web_microsoft_endpoint": "",
            "primary_web_microsoft_host": "",
            "public_network_access_enabled": true,
            "queue_encryption_key_type": "Service",
            "queue_properties": [
              {
                "cors_rule": [],
                "hour_metrics": [
                  {
                    "enabled": true,
                    "include_apis": true,
                    "retention_policy_days": 7,
                    "version": "1.0"
                  }
                ],
                "logging": [
                  {
                    "delete": false,
                    "read": false,
                    "retention_policy_days": 0,
                    "version": "1.0",
                    "write": false
                  }
                ],
                "minute_metrics": [
                  {
                    "enabled": false,
                    "include_apis": false,
                    "retention_policy_days": 0,
                    "version": "1.0"
                  }
                ]
              }
            ],
            "resource_group_name": "SYNNET",
            "routing": [],
            "sas_policy": [],
            "secondary_access_key": "46S2DuniPdMoqNgdrdnHvDWYmBr/pgYWxlVYev9gi9lZQtEGO/MzMjGRco0+bgsofzGJY+yP7f1X+AStED7Tiw==",
            "secondary_blob_connection_string": "",
            "secondary_blob_endpoint": null,
            "secondary_blob_host": null,
            "secondary_blob_internet_endpoint": null,
            "secondary_blob_internet_host": null,
            "secondary_blob_microsoft_endpoint": null,
            "secondary_blob_microsoft_host": null,
            "secondary_connection_string": "DefaultEndpointsProtocol=https;AccountName=fascondevdemodl;AccountKey=46S2DuniPdMoqNgdrdnHvDWYmBr/pgYWxlVYev9gi9lZQtEGO/MzMjGRco0+bgsofzGJY+yP7f1X+AStED7Tiw==;EndpointSuffix=core.windows.net",
            "secondary_dfs_endpoint": null,
            "secondary_dfs_host": null,
            "secondary_dfs_internet_endpoint": null,
            "secondary_dfs_internet_host": null,
            "secondary_dfs_microsoft_endpoint": null,
            "secondary_dfs_microsoft_host": null,
            "secondary_file_endpoint": null,
            "secondary_file_host": null,
            "secondary_file_internet_endpoint": null,
            "secondary_file_internet_host": null,
            "secondary_file_microsoft_endpoint": null,
            "secondary_file_microsoft_host": null,
            "secondary_location": "",
            "secondary_queue_endpoint": null,
            "secondary_queue_host": null,
            "secondary_queue_microsoft_endpoint": null,
            "secondary_queue_microsoft_host": null,
            "secondary_table_endpoint": null,
            "secondary_table_host": null,
            "secondary_table_microsoft_endpoint": null,
            "secondary_table_microsoft_host": null,
            "secondary_web_endpoint": null,
            "secondary_web_host": null,
            "secondary_web_internet_endpoint": null,
            "secondary_web_internet_host": null,
            "secondary_web_microsoft_endpoint": null,
            "secondary_web_microsoft_host": null,
            "sftp_enabled": false,
            "share_properties": [
              {
                "cors_rule": [],
                "retention_policy": [
                  {
                    "days": 7
                  }
                ],
                "smb": []
              }
            ],
            "shared_access_key_enabled": true,
            "static_website": [],
            "table_encryption_key_type": "Service",
            "tags": {
              "environment": "dev",
              "owners": "fascon"
            },
            "timeouts": null
          },
          "sensitive_attributes": [
            [
              {
                "type": "get_attr",
                "value": "primary_blob_connection_string"
              }
            ],
            [
              {
                "type": "get_attr",
                "value": "primary_access_key"
              }
            ],
            [
              {
                "type": "get_attr",
                "value": "primary_connection_string"
              }
            ],
            [
              {
                "type": "get_attr",
                "value": "secondary_connection_string"
              }
            ],
            [
              {
                "type": "get_attr",
                "value": "secondary_blob_connection_string"
              }
            ],
            [
              {
                "type": "get_attr",
                "value": "secondary_access_key"
              }
            ]
          ],
          "private": "eyJlMmJmYjczMC1lY2FhLTExZTYtOGY4OC0zNDM2M2JjN2M0YzAiOnsiY3JlYXRlIjozNjAwMDAwMDAwMDAwLCJkZWxldGUiOjM2MDAwMDAwMDAwMDAsInJlYWQiOjMwMDAwMDAwMDAwMCwidXBkYXRlIjozNjAwMDAwMDAwMDAwfSwic2NoZW1hX3ZlcnNpb24iOiI0In0=",
          "dependencies": [
            "data.azurerm_resource_group.rg"
          ]
        }
      ]
    },
    {
      "mode": "managed",
      "type": "azurerm_storage_data_lake_gen2_filesystem",
      "name": "data_lake_gen2_filesystem",
      "provider": "provider[\"registry.terraform.io/hashicorp/azurerm\"]",
      "instances": [
        {
          "schema_version": 0,
          "attributes": {
            "ace": [
              {
                "id": "",
                "permissions": "---",
                "scope": "access",
                "type": "other"
              },
              {
                "id": "",
                "permissions": "r-x",
                "scope": "access",
                "type": "group"
              },
              {
                "id": "",
                "permissions": "rwx",
                "scope": "access",
                "type": "user"
              }
            ],
            "default_encryption_scope": "$account-encryption-key",
            "group": "$superuser",
            "id": "https://fascondevdemodl.dfs.core.windows.net/fascondevdemodlfs",
            "name": "fascondevdemodlfs",
            "owner": "$superuser",
            "properties": {},
            "storage_account_id": "/subscriptions/d497e8dd-3874-4baa-97d8-87abdbbb7f92/resourceGroups/SYNNET/providers/Microsoft.Storage/storageAccounts/fascondevdemodl",
            "timeouts": null
          },
          "sensitive_attributes": [],
          "private": "eyJlMmJmYjczMC1lY2FhLTExZTYtOGY4OC0zNDM2M2JjN2M0YzAiOnsiY3JlYXRlIjoxODAwMDAwMDAwMDAwLCJkZWxldGUiOjE4MDAwMDAwMDAwMDAsInJlYWQiOjMwMDAwMDAwMDAwMCwidXBkYXRlIjoxODAwMDAwMDAwMDAwfX0=",
          "dependencies": [
            "azurerm_storage_account.data_lake_storage_account",
            "data.azurerm_resource_group.rg"
          ]
        }
      ]
    }
  ],
  "check_results": null
}
